
Microsoft Visual Studio Solution File, Format Version 12.00
# Visual Studio Version 17
VisualStudioVersion = 17.10.35013.160
MinimumVisualStudioVersion = 10.0.40219.1
Project("{9A19103F-16F7-4668-BE54-9A1E7A4F7556}") = "FFNetTeste", "..\FFNetTeste\FFNetTeste.csproj", "{A7017332-ED40-4C9C-9F6A-C4724978ACC2}"
EndProject
Project("{9A19103F-16F7-4668-BE54-9A1E7A4F7556}") = "HumbertoML", "HumbertoML\HumbertoML.csproj", "{FBC05913-CE98-46AD-BB8F-B50B406C6908}"
EndProject
Project("{9A19103F-16F7-4668-BE54-9A1E7A4F7556}") = "HumbertoML.Visualize", "HumbertoML.Visualize\HumbertoML.Visualize.csproj", "{6AA9ACF3-FCF5-4BD0-8D9D-8D051B39915D}"
EndProject
Global
	GlobalSection(SolutionConfigurationPlatforms) = preSolution
		Debug|Any CPU = Debug|Any CPU
		Release|Any CPU = Release|Any CPU
	EndGlobalSection
	GlobalSection(ProjectConfigurationPlatforms) = postSolution
		{A7017332-ED40-4C9C-9F6A-C4724978ACC2}.Debug|Any CPU.ActiveCfg = Debug|Any CPU
		{A7017332-ED40-4C9C-9F6A-C4724978ACC2}.Debug|Any CPU.Build.0 = Debug|Any CPU
		{A7017332-ED40-4C9C-9F6A-C4724978ACC2}.Release|Any CPU.ActiveCfg = Release|Any CPU
		{A7017332-ED40-4C9C-9F6A-C4724978ACC2}.Release|Any CPU.Build.0 = Release|Any CPU
		{FBC05913-CE98-46AD-BB8F-B50B406C6908}.Debug|Any CPU.ActiveCfg = Debug|Any CPU
		{FBC05913-CE98-46AD-BB8F-B50B406C6908}.Debug|Any CPU.Build.0 = Debug|Any CPU
		{FBC05913-CE98-46AD-BB8F-B50B406C6908}.Release|Any CPU.ActiveCfg = Release|Any CPU
		{FBC05913-CE98-46AD-BB8F-B50B406C6908}.Release|Any CPU.Build.0 = Release|Any CPU
		{6AA9ACF3-FCF5-4BD0-8D9D-8D051B39915D}.Debug|Any CPU.ActiveCfg = Debug|Any CPU
		{6AA9ACF3-FCF5-4BD0-8D9D-8D051B39915D}.Debug|Any CPU.Build.0 = Debug|Any CPU
		{6AA9ACF3-FCF5-4BD0-8D9D-8D051B39915D}.Release|Any CPU.ActiveCfg = Release|Any CPU
		{6AA9ACF3-FCF5-4BD0-8D9D-8D051B39915D}.Release|Any CPU.Build.0 = Release|Any CPU
	EndGlobalSection
	GlobalSection(SolutionProperties) = preSolution
		HideSolutionNode = FALSE
	EndGlobalSection
	GlobalSection(ExtensibilityGlobals) = postSolution
		SolutionGuid = {88FBC292-D971-40BE-9A5A-A874790D13AC}
	EndGlobalSection
EndGlobal
